{
  "name": "water_tracker",
  "lockfileVersion": 3,
  "requires": true,
  "packages": {
    "": {
      "dependencies": {
        "fca-cli": "^1.0.11"
      }
    },
    "node_modules/commander": {
      "version": "12.1.0",
      "resolved": "https://registry.npmjs.org/commander/-/commander-12.1.0.tgz",
      "integrity": "sha512-Vw8qHK3bZM9y/P10u3Vib8o/DdkvA2OtPtZvD871QKjy74Wj1WSKFILMPRPSdUSx5RFK1arlJzEtA4PkFgnbuA==",
      "license": "MIT",
      "engines": {
        "node": ">=18"
      }
    },
    "node_modules/fca-cli": {
      "version": "1.0.11",
      "resolved": "https://registry.npmjs.org/fca-cli/-/fca-cli-1.0.11.tgz",
      "integrity": "sha512-WwkjTsVPbDHjDY1vE5nuyb6HLmENH1g1INnPqqEg1bZa7fgS1NtLW5dWkm6OWDQpvSJUs2b+EZfsl4OvSCDdnw==",
      "license": "ISC",
      "dependencies": {
        "commander": "^12.1.0"
      },
      "bin": {
        "fca-cli": "src/cli.js"
      }
    }
  }
}
